
Microsoft Visual Studio Solution File, Format Version 12.00
# Visual Studio Version 16
VisualStudioVersion = 16.0.30204.135
MinimumVisualStudioVersion = 10.0.40219.1
Project("{FAE04EC0-301F-11D3-BF4B-00C04F79EFBC}") = "SchoolAPI", "SchoolAPI.csproj", "{F3C12C3E-7764-4AC1-A723-6D18C5D6D56D}"
EndProject
Global
	GlobalSection(SolutionConfigurationPlatforms) = preSolution
		Debug|Any CPU = Debug|Any CPU
		Release|Any CPU = Release|Any CPU
	EndGlobalSection
	GlobalSection(ProjectConfigurationPlatforms) = postSolution
		{F3C12C3E-7764-4AC1-A723-6D18C5D6D56D}.Debug|Any CPU.ActiveCfg = Debug|Any CPU
		{F3C12C3E-7764-4AC1-A723-6D18C5D6D56D}.Debug|Any CPU.Build.0 = Debug|Any CPU
		{F3C12C3E-7764-4AC1-A723-6D18C5D6D56D}.Release|Any CPU.ActiveCfg = Release|Any CPU
		{F3C12C3E-7764-4AC1-A723-6D18C5D6D56D}.Release|Any CPU.Build.0 = Release|Any CPU
	EndGlobalSection
	GlobalSection(SolutionProperties) = preSolution
		HideSolutionNode = FALSE
	EndGlobalSection
	GlobalSection(ExtensibilityGlobals) = postSolution
		SolutionGuid = {B6D0AC8B-A9A7-4F6A-9073-75984EBF9E8B}
	EndGlobalSection
EndGlobal
