
Microsoft Visual Studio Solution File, Format Version 12.00
# Visual Studio Version 16
VisualStudioVersion = 16.0.30204.135
MinimumVisualStudioVersion = 10.0.40219.1
Project("{9A19103F-16F7-4668-BE54-9A1E7A4F7556}") = "SchoolAPI", "SchoolAPI.csproj", "{F3C12C3E-7764-4AC1-A723-6D18C5D6D56D}"
EndProject
Project("{9A19103F-16F7-4668-BE54-9A1E7A4F7556}") = "Contracts", "..\Contracts\Contracts.csproj", "{C6D979B3-9823-43B5-8302-140B8773F1FD}"
EndProject
Project("{9A19103F-16F7-4668-BE54-9A1E7A4F7556}") = "LoggerService", "..\LoggerService\LoggerService.csproj", "{CC18C27D-575D-4E2F-9078-25F0787B5C64}"
EndProject
Project("{9A19103F-16F7-4668-BE54-9A1E7A4F7556}") = "Entities", "..\Entities\Entities.csproj", "{B206A4E3-940D-4DCC-934F-809CA389911C}"
EndProject
Project("{9A19103F-16F7-4668-BE54-9A1E7A4F7556}") = "Repository", "..\Repository\Repository.csproj", "{663DBA19-0D2E-4BED-9A09-4EAC8D60DA61}"
EndProject
Project("{2150E333-8FDC-42A3-9474-1A3956D46DE8}") = "Solution Items", "Solution Items", "{606594F1-E223-4A3D-A471-DC024DBADDFA}"
	ProjectSection(SolutionItems) = preProject
		.editorconfig = .editorconfig
	EndProjectSection
EndProject
Global
	GlobalSection(SolutionConfigurationPlatforms) = preSolution
		Debug|Any CPU = Debug|Any CPU
		Release|Any CPU = Release|Any CPU
	EndGlobalSection
	GlobalSection(ProjectConfigurationPlatforms) = postSolution
		{F3C12C3E-7764-4AC1-A723-6D18C5D6D56D}.Debug|Any CPU.ActiveCfg = Debug|Any CPU
		{F3C12C3E-7764-4AC1-A723-6D18C5D6D56D}.Debug|Any CPU.Build.0 = Debug|Any CPU
		{F3C12C3E-7764-4AC1-A723-6D18C5D6D56D}.Release|Any CPU.ActiveCfg = Release|Any CPU
		{F3C12C3E-7764-4AC1-A723-6D18C5D6D56D}.Release|Any CPU.Build.0 = Release|Any CPU
		{C6D979B3-9823-43B5-8302-140B8773F1FD}.Debug|Any CPU.ActiveCfg = Debug|Any CPU
		{C6D979B3-9823-43B5-8302-140B8773F1FD}.Debug|Any CPU.Build.0 = Debug|Any CPU
		{C6D979B3-9823-43B5-8302-140B8773F1FD}.Release|Any CPU.ActiveCfg = Release|Any CPU
		{C6D979B3-9823-43B5-8302-140B8773F1FD}.Release|Any CPU.Build.0 = Release|Any CPU
		{CC18C27D-575D-4E2F-9078-25F0787B5C64}.Debug|Any CPU.ActiveCfg = Debug|Any CPU
		{CC18C27D-575D-4E2F-9078-25F0787B5C64}.Debug|Any CPU.Build.0 = Debug|Any CPU
		{CC18C27D-575D-4E2F-9078-25F0787B5C64}.Release|Any CPU.ActiveCfg = Release|Any CPU
		{CC18C27D-575D-4E2F-9078-25F0787B5C64}.Release|Any CPU.Build.0 = Release|Any CPU
		{B206A4E3-940D-4DCC-934F-809CA389911C}.Debug|Any CPU.ActiveCfg = Debug|Any CPU
		{B206A4E3-940D-4DCC-934F-809CA389911C}.Debug|Any CPU.Build.0 = Debug|Any CPU
		{B206A4E3-940D-4DCC-934F-809CA389911C}.Release|Any CPU.ActiveCfg = Release|Any CPU
		{B206A4E3-940D-4DCC-934F-809CA389911C}.Release|Any CPU.Build.0 = Release|Any CPU
		{663DBA19-0D2E-4BED-9A09-4EAC8D60DA61}.Debug|Any CPU.ActiveCfg = Debug|Any CPU
		{663DBA19-0D2E-4BED-9A09-4EAC8D60DA61}.Debug|Any CPU.Build.0 = Debug|Any CPU
		{663DBA19-0D2E-4BED-9A09-4EAC8D60DA61}.Release|Any CPU.ActiveCfg = Release|Any CPU
		{663DBA19-0D2E-4BED-9A09-4EAC8D60DA61}.Release|Any CPU.Build.0 = Release|Any CPU
	EndGlobalSection
	GlobalSection(SolutionProperties) = preSolution
		HideSolutionNode = FALSE
	EndGlobalSection
	GlobalSection(ExtensibilityGlobals) = postSolution
		SolutionGuid = {B6D0AC8B-A9A7-4F6A-9073-75984EBF9E8B}
	EndGlobalSection
EndGlobal
